{
  "name": "PHL-new",
  "version": "1.0.0",
  "lockfileVersion": 2,
  "requires": true,
  "packages": {
    "": {
      "version": "1.0.0",
      "license": "ISC",
      "dependencies": {
        "dat.gui": "^0.7.7",
        "gsap": "^3.5.1",
        "jquery": "^3.5.1",
        "postcss": "^8.1.14",
        "three": "^0.123.0",
        "three-gltf-loader": "^1.111.0",
        "three-orbitcontrols-ts": "^0.1.2"
      }
    },
    "node_modules/colorette": {
      "version": "1.2.1",
      "resolved": "https://registry.npmjs.org/colorette/-/colorette-1.2.1.tgz",
      "integrity": "sha512-puCDz0CzydiSYOrnXpz/PKd69zRrribezjtE9yd4zvytoRc8+RY/KJPvtPFKZS3E3wP6neGyMe0vOTlHO5L3Pw=="
    },
    "node_modules/dat.gui": {
      "version": "0.7.7",
      "resolved": "https://registry.npmjs.org/dat.gui/-/dat.gui-0.7.7.tgz",
      "integrity": "sha512-sRl/28gF/XRC5ywC9I4zriATTsQcpSsRG7seXCPnTkK8/EQMIbCu5NPMpICLGxX9ZEUvcXR3ArLYCtgreFoMDw=="
    },
    "node_modules/gsap": {
      "version": "3.5.1",
      "resolved": "https://registry.npmjs.org/gsap/-/gsap-3.5.1.tgz",
      "integrity": "sha512-EMV0RSUKZNeTUzLKAizGlwxVOUyif3/g8I3S1aA/hf3gbqwBvmQ02x1RdTBQNQMOpHCVBv9y/vaHwfctoAg8zw=="
    },
    "node_modules/jquery": {
      "version": "3.5.1",
      "resolved": "https://registry.npmjs.org/jquery/-/jquery-3.5.1.tgz",
      "integrity": "sha512-XwIBPqcMn57FxfT+Go5pzySnm4KWkT1Tv7gjrpT1srtf8Weynl6R273VJ5GjkRb51IzMp5nbaPjJXMWeju2MKg=="
    },
    "node_modules/nanoid": {
      "version": "3.1.20",
      "resolved": "https://registry.npmjs.org/nanoid/-/nanoid-3.1.20.tgz",
      "integrity": "sha512-a1cQNyczgKbLX9jwbS/+d7W8fX/RfgYR7lVWwWOGIPNgK2m0MWvrGF6/m4kk6U3QcFMnZf3RIhL0v2Jgh/0Uxw==",
      "bin": {
        "nanoid": "bin/nanoid.cjs"
      },
      "engines": {
        "node": "^10 || ^12 || ^13.7 || ^14 || >=15.0.1"
      }
    },
    "node_modules/postcss": {
      "version": "8.1.14",
      "resolved": "https://registry.npmjs.org/postcss/-/postcss-8.1.14.tgz",
      "integrity": "sha512-KatkyVPBKfENS+c3dpXJoDXnDD5UZs5exAnDksLqaRJPKwYphEPZt4N0m0i049v2/BtWVQibAhxW4ilXXcolpA==",
      "dependencies": {
        "colorette": "^1.2.1",
        "nanoid": "^3.1.20",
        "source-map": "^0.6.1"
      },
      "engines": {
        "node": "^10 || ^12 || >=14"
      },
      "funding": {
        "type": "opencollective",
        "url": "https://opencollective.com/postcss/"
      }
    },
    "node_modules/source-map": {
      "version": "0.6.1",
      "resolved": "https://registry.npmjs.org/source-map/-/source-map-0.6.1.tgz",
      "integrity": "sha512-UjgapumWlbMhkBgzT7Ykc5YXUT46F0iKu8SGXq0bcwP5dz/h0Plj6enJqjz1Zbq2l5WaqYnrVbwWOWMyF3F47g==",
      "engines": {
        "node": ">=0.10.0"
      }
    },
    "node_modules/three": {
      "version": "0.123.0",
      "resolved": "https://registry.npmjs.org/three/-/three-0.123.0.tgz",
      "integrity": "sha512-KNnx/IbilvoHRkxOtL0ouozoDoElyuvAXhFB21RK7F5IPWSmqyFelICK6x3hJerLNSlAdHxR0hkuvMMhH9pqXg=="
    },
    "node_modules/three-gltf-loader": {
      "version": "1.111.0",
      "resolved": "https://registry.npmjs.org/three-gltf-loader/-/three-gltf-loader-1.111.0.tgz",
      "integrity": "sha512-f2d6J5sMEC+dvRcpRjE8g9vqtvpNfnR7bgd+R7Y0dj2mmHwKN5luKe/WYA0Z9+j7mhjla/AC5DGxdXsu8wFhug=="
    },
    "node_modules/three-orbitcontrols-ts": {
      "version": "0.1.2",
      "resolved": "https://registry.npmjs.org/three-orbitcontrols-ts/-/three-orbitcontrols-ts-0.1.2.tgz",
      "integrity": "sha1-IECVWQQCKuGcLpxS/9/0MWhlir0=",
      "dependencies": {
        "three": "^0.83.0"
      }
    },
    "node_modules/three-orbitcontrols-ts/node_modules/three": {
      "version": "0.83.0",
      "resolved": "https://registry.npmjs.org/three/-/three-0.83.0.tgz",
      "integrity": "sha1-O3+UeQrz4CHawfRKJhdWnKIDKws="
    }
  },
  "dependencies": {
    "colorette": {
      "version": "1.2.1",
      "resolved": "https://registry.npmjs.org/colorette/-/colorette-1.2.1.tgz",
      "integrity": "sha512-puCDz0CzydiSYOrnXpz/PKd69zRrribezjtE9yd4zvytoRc8+RY/KJPvtPFKZS3E3wP6neGyMe0vOTlHO5L3Pw=="
    },
    "dat.gui": {
      "version": "0.7.7",
      "resolved": "https://registry.npmjs.org/dat.gui/-/dat.gui-0.7.7.tgz",
      "integrity": "sha512-sRl/28gF/XRC5ywC9I4zriATTsQcpSsRG7seXCPnTkK8/EQMIbCu5NPMpICLGxX9ZEUvcXR3ArLYCtgreFoMDw=="
    },
    "gsap": {
      "version": "3.5.1",
      "resolved": "https://registry.npmjs.org/gsap/-/gsap-3.5.1.tgz",
      "integrity": "sha512-EMV0RSUKZNeTUzLKAizGlwxVOUyif3/g8I3S1aA/hf3gbqwBvmQ02x1RdTBQNQMOpHCVBv9y/vaHwfctoAg8zw=="
    },
    "jquery": {
      "version": "3.5.1",
      "resolved": "https://registry.npmjs.org/jquery/-/jquery-3.5.1.tgz",
      "integrity": "sha512-XwIBPqcMn57FxfT+Go5pzySnm4KWkT1Tv7gjrpT1srtf8Weynl6R273VJ5GjkRb51IzMp5nbaPjJXMWeju2MKg=="
    },
    "nanoid": {
      "version": "3.1.20",
      "resolved": "https://registry.npmjs.org/nanoid/-/nanoid-3.1.20.tgz",
      "integrity": "sha512-a1cQNyczgKbLX9jwbS/+d7W8fX/RfgYR7lVWwWOGIPNgK2m0MWvrGF6/m4kk6U3QcFMnZf3RIhL0v2Jgh/0Uxw=="
    },
    "postcss": {
      "version": "8.1.14",
      "resolved": "https://registry.npmjs.org/postcss/-/postcss-8.1.14.tgz",
      "integrity": "sha512-KatkyVPBKfENS+c3dpXJoDXnDD5UZs5exAnDksLqaRJPKwYphEPZt4N0m0i049v2/BtWVQibAhxW4ilXXcolpA==",
      "requires": {
        "colorette": "^1.2.1",
        "nanoid": "^3.1.20",
        "source-map": "^0.6.1"
      }
    },
    "source-map": {
      "version": "0.6.1",
      "resolved": "https://registry.npmjs.org/source-map/-/source-map-0.6.1.tgz",
      "integrity": "sha512-UjgapumWlbMhkBgzT7Ykc5YXUT46F0iKu8SGXq0bcwP5dz/h0Plj6enJqjz1Zbq2l5WaqYnrVbwWOWMyF3F47g=="
    },
    "three": {
      "version": "0.123.0",
      "resolved": "https://registry.npmjs.org/three/-/three-0.123.0.tgz",
      "integrity": "sha512-KNnx/IbilvoHRkxOtL0ouozoDoElyuvAXhFB21RK7F5IPWSmqyFelICK6x3hJerLNSlAdHxR0hkuvMMhH9pqXg=="
    },
    "three-gltf-loader": {
      "version": "1.111.0",
      "resolved": "https://registry.npmjs.org/three-gltf-loader/-/three-gltf-loader-1.111.0.tgz",
      "integrity": "sha512-f2d6J5sMEC+dvRcpRjE8g9vqtvpNfnR7bgd+R7Y0dj2mmHwKN5luKe/WYA0Z9+j7mhjla/AC5DGxdXsu8wFhug=="
    },
    "three-orbitcontrols-ts": {
      "version": "0.1.2",
      "resolved": "https://registry.npmjs.org/three-orbitcontrols-ts/-/three-orbitcontrols-ts-0.1.2.tgz",
      "integrity": "sha1-IECVWQQCKuGcLpxS/9/0MWhlir0=",
      "requires": {
        "three": "^0.83.0"
      },
      "dependencies": {
        "three": {
          "version": "0.83.0",
          "resolved": "https://registry.npmjs.org/three/-/three-0.83.0.tgz",
          "integrity": "sha1-O3+UeQrz4CHawfRKJhdWnKIDKws="
        }
      }
    }
  }
}
